// !$*UTF8*$!
{
	archiveVersion = 1;
	classes = {
	};
	objectVersion = 56;
	objects = {

/* Begin PBXBuildFile section */
		18E40635EC4DF439A96B146F /* Pods_Movey.framework in Frameworks */ = {isa = PBXBuildFile; fileRef = 5FCBB12FBBBAFC5EC73E5B07 /* Pods_Movey.framework */; };
		28CA57BC3915EDEDAF546F62 /* Pods_MoveyTests.framework in Frameworks */ = {isa = PBXBuildFile; fileRef = 9F8172F61BEA04EC94155C05 /* Pods_MoveyTests.framework */; };
		6F3B198E29D3131E00C3B7A4 /* AppDelegate.swift in Sources */ = {isa = PBXBuildFile; fileRef = 6F3B198D29D3131E00C3B7A4 /* AppDelegate.swift */; };
		6F3B199029D3131E00C3B7A4 /* SceneDelegate.swift in Sources */ = {isa = PBXBuildFile; fileRef = 6F3B198F29D3131E00C3B7A4 /* SceneDelegate.swift */; };
		6F3B199229D3131E00C3B7A4 /* MainViewController.swift in Sources */ = {isa = PBXBuildFile; fileRef = 6F3B199129D3131E00C3B7A4 /* MainViewController.swift */; };
		6F3B199529D3131E00C3B7A4 /* Main.storyboard in Resources */ = {isa = PBXBuildFile; fileRef = 6F3B199329D3131E00C3B7A4 /* Main.storyboard */; };
		6F3B199729D3131F00C3B7A4 /* Assets.xcassets in Resources */ = {isa = PBXBuildFile; fileRef = 6F3B199629D3131F00C3B7A4 /* Assets.xcassets */; };
		6F3B199A29D3131F00C3B7A4 /* LaunchScreen.storyboard in Resources */ = {isa = PBXBuildFile; fileRef = 6F3B199829D3131F00C3B7A4 /* LaunchScreen.storyboard */; };
		6F3B19A529D3131F00C3B7A4 /* MoveyTests.swift in Sources */ = {isa = PBXBuildFile; fileRef = 6F3B19A429D3131F00C3B7A4 /* MoveyTests.swift */; };
		6F3B19AF29D3131F00C3B7A4 /* MoveyUITests.swift in Sources */ = {isa = PBXBuildFile; fileRef = 6F3B19AE29D3131F00C3B7A4 /* MoveyUITests.swift */; };
		6F3B19B129D3131F00C3B7A4 /* MoveyUITestsLaunchTests.swift in Sources */ = {isa = PBXBuildFile; fileRef = 6F3B19B029D3131F00C3B7A4 /* MoveyUITestsLaunchTests.swift */; };
		6F3B19C329D43FA900C3B7A4 /* MainViewModel.swift in Sources */ = {isa = PBXBuildFile; fileRef = 6F3B19C229D43FA900C3B7A4 /* MainViewModel.swift */; };
		6F3B19C629D442E900C3B7A4 /* Track.swift in Sources */ = {isa = PBXBuildFile; fileRef = 6F3B19C529D442E900C3B7A4 /* Track.swift */; };
		6F3B19C929D4463E00C3B7A4 /* DBManager.swift in Sources */ = {isa = PBXBuildFile; fileRef = 6F3B19C829D4463E00C3B7A4 /* DBManager.swift */; };
		6FB8CACD29DD817A00457A8F /* Status.swift in Sources */ = {isa = PBXBuildFile; fileRef = 6FB8CACC29DD817A00457A8F /* Status.swift */; };
		B4A6CC6329D4733800E88639 /* TrackCollectionViewCell.swift in Sources */ = {isa = PBXBuildFile; fileRef = B4A6CC6229D4733800E88639 /* TrackCollectionViewCell.swift */; };
		B4A6CC6729D481C900E88639 /* TrackResponse.swift in Sources */ = {isa = PBXBuildFile; fileRef = B4A6CC6629D481C900E88639 /* TrackResponse.swift */; };
		B4A6CC6929D865A600E88639 /* TrackService.swift in Sources */ = {isa = PBXBuildFile; fileRef = B4A6CC6829D865A600E88639 /* TrackService.swift */; };
		B4A6CC6B29D86A8200E88639 /* NetworkError.swift in Sources */ = {isa = PBXBuildFile; fileRef = B4A6CC6A29D86A8200E88639 /* NetworkError.swift */; };
		B4A6CC6E29DAD90A00E88639 /* TracksCollectionViewCellData.swift in Sources */ = {isa = PBXBuildFile; fileRef = B4A6CC6D29DAD90A00E88639 /* TracksCollectionViewCellData.swift */; };
		B4A6CC7129DADCC100E88639 /* TrackCollectionViewCell.xib in Resources */ = {isa = PBXBuildFile; fileRef = B4A6CC7029DADCC100E88639 /* TrackCollectionViewCell.xib */; };
		B4A6CC7429DC794700E88639 /* TrackDetailViewController.swift in Sources */ = {isa = PBXBuildFile; fileRef = B4A6CC7329DC794700E88639 /* TrackDetailViewController.swift */; };
		B4A6CC7629DC795000E88639 /* TrackDetailViewController.storyboard in Resources */ = {isa = PBXBuildFile; fileRef = B4A6CC7529DC795000E88639 /* TrackDetailViewController.storyboard */; };
		B4A6CC7829DC7B8C00E88639 /* TrackDetailViewModel.swift in Sources */ = {isa = PBXBuildFile; fileRef = B4A6CC7729DC7B8C00E88639 /* TrackDetailViewModel.swift */; };
		B92EEE2CD0D47CBCCD5F370E /* Pods_Movey_MoveyUITests.framework in Frameworks */ = {isa = PBXBuildFile; fileRef = D35228821C2428F3FCC52B7B /* Pods_Movey_MoveyUITests.framework */; };
/* End PBXBuildFile section */

/* Begin PBXContainerItemProxy section */
		6F3B19A129D3131F00C3B7A4 /* PBXContainerItemProxy */ = {
			isa = PBXContainerItemProxy;
			containerPortal = 6F3B198229D3131E00C3B7A4 /* Project object */;
			proxyType = 1;
			remoteGlobalIDString = 6F3B198929D3131E00C3B7A4;
			remoteInfo = Movey;
		};
		6F3B19AB29D3131F00C3B7A4 /* PBXContainerItemProxy */ = {
			isa = PBXContainerItemProxy;
			containerPortal = 6F3B198229D3131E00C3B7A4 /* Project object */;
			proxyType = 1;
			remoteGlobalIDString = 6F3B198929D3131E00C3B7A4;
			remoteInfo = Movey;
		};
/* End PBXContainerItemProxy section */

/* Begin PBXFileReference section */
		12EE565E3A2B6FA71454FD4B /* Pods-MoveyTests.debug.xcconfig */ = {isa = PBXFileReference; includeInIndex = 1; lastKnownFileType = text.xcconfig; name = "Pods-MoveyTests.debug.xcconfig"; path = "Target Support Files/Pods-MoveyTests/Pods-MoveyTests.debug.xcconfig"; sourceTree = "<group>"; };
		294655B30BB4D2D4ABEE2518 /* Pods-Movey.release.xcconfig */ = {isa = PBXFileReference; includeInIndex = 1; lastKnownFileType = text.xcconfig; name = "Pods-Movey.release.xcconfig"; path = "Target Support Files/Pods-Movey/Pods-Movey.release.xcconfig"; sourceTree = "<group>"; };
		5FCBB12FBBBAFC5EC73E5B07 /* Pods_Movey.framework */ = {isa = PBXFileReference; explicitFileType = wrapper.framework; includeInIndex = 0; path = Pods_Movey.framework; sourceTree = BUILT_PRODUCTS_DIR; };
		6EE97C79B585BF730BADEEBC /* Pods-MoveyTests.release.xcconfig */ = {isa = PBXFileReference; includeInIndex = 1; lastKnownFileType = text.xcconfig; name = "Pods-MoveyTests.release.xcconfig"; path = "Target Support Files/Pods-MoveyTests/Pods-MoveyTests.release.xcconfig"; sourceTree = "<group>"; };
		6F3B198A29D3131E00C3B7A4 /* Movey.app */ = {isa = PBXFileReference; explicitFileType = wrapper.application; includeInIndex = 0; path = Movey.app; sourceTree = BUILT_PRODUCTS_DIR; };
		6F3B198D29D3131E00C3B7A4 /* AppDelegate.swift */ = {isa = PBXFileReference; lastKnownFileType = sourcecode.swift; path = AppDelegate.swift; sourceTree = "<group>"; };
		6F3B198F29D3131E00C3B7A4 /* SceneDelegate.swift */ = {isa = PBXFileReference; lastKnownFileType = sourcecode.swift; path = SceneDelegate.swift; sourceTree = "<group>"; };
		6F3B199129D3131E00C3B7A4 /* MainViewController.swift */ = {isa = PBXFileReference; lastKnownFileType = sourcecode.swift; path = MainViewController.swift; sourceTree = "<group>"; };
		6F3B199429D3131E00C3B7A4 /* Base */ = {isa = PBXFileReference; lastKnownFileType = file.storyboard; name = Base; path = Base.lproj/Main.storyboard; sourceTree = "<group>"; };
		6F3B199629D3131F00C3B7A4 /* Assets.xcassets */ = {isa = PBXFileReference; lastKnownFileType = folder.assetcatalog; path = Assets.xcassets; sourceTree = "<group>"; };
		6F3B199929D3131F00C3B7A4 /* Base */ = {isa = PBXFileReference; lastKnownFileType = file.storyboard; name = Base; path = Base.lproj/LaunchScreen.storyboard; sourceTree = "<group>"; };
		6F3B199B29D3131F00C3B7A4 /* Info.plist */ = {isa = PBXFileReference; lastKnownFileType = text.plist.xml; path = Info.plist; sourceTree = "<group>"; };
		6F3B19A029D3131F00C3B7A4 /* MoveyTests.xctest */ = {isa = PBXFileReference; explicitFileType = wrapper.cfbundle; includeInIndex = 0; path = MoveyTests.xctest; sourceTree = BUILT_PRODUCTS_DIR; };
		6F3B19A429D3131F00C3B7A4 /* MoveyTests.swift */ = {isa = PBXFileReference; lastKnownFileType = sourcecode.swift; path = MoveyTests.swift; sourceTree = "<group>"; };
		6F3B19AA29D3131F00C3B7A4 /* MoveyUITests.xctest */ = {isa = PBXFileReference; explicitFileType = wrapper.cfbundle; includeInIndex = 0; path = MoveyUITests.xctest; sourceTree = BUILT_PRODUCTS_DIR; };
		6F3B19AE29D3131F00C3B7A4 /* MoveyUITests.swift */ = {isa = PBXFileReference; lastKnownFileType = sourcecode.swift; path = MoveyUITests.swift; sourceTree = "<group>"; };
		6F3B19B029D3131F00C3B7A4 /* MoveyUITestsLaunchTests.swift */ = {isa = PBXFileReference; lastKnownFileType = sourcecode.swift; path = MoveyUITestsLaunchTests.swift; sourceTree = "<group>"; };
		6F3B19C229D43FA900C3B7A4 /* MainViewModel.swift */ = {isa = PBXFileReference; lastKnownFileType = sourcecode.swift; path = MainViewModel.swift; sourceTree = "<group>"; };
		6F3B19C529D442E900C3B7A4 /* Track.swift */ = {isa = PBXFileReference; lastKnownFileType = sourcecode.swift; path = Track.swift; sourceTree = "<group>"; };
		6F3B19C829D4463E00C3B7A4 /* DBManager.swift */ = {isa = PBXFileReference; lastKnownFileType = sourcecode.swift; path = DBManager.swift; sourceTree = "<group>"; };
		6FB8CACC29DD817A00457A8F /* Status.swift */ = {isa = PBXFileReference; lastKnownFileType = sourcecode.swift; path = Status.swift; sourceTree = "<group>"; };
		9F8172F61BEA04EC94155C05 /* Pods_MoveyTests.framework */ = {isa = PBXFileReference; explicitFileType = wrapper.framework; includeInIndex = 0; path = Pods_MoveyTests.framework; sourceTree = BUILT_PRODUCTS_DIR; };
		AC0D5DD7B3E5D19FC97F5615 /* Pods-Movey-MoveyUITests.release.xcconfig */ = {isa = PBXFileReference; includeInIndex = 1; lastKnownFileType = text.xcconfig; name = "Pods-Movey-MoveyUITests.release.xcconfig"; path = "Target Support Files/Pods-Movey-MoveyUITests/Pods-Movey-MoveyUITests.release.xcconfig"; sourceTree = "<group>"; };
		B4A6CC6229D4733800E88639 /* TrackCollectionViewCell.swift */ = {isa = PBXFileReference; lastKnownFileType = sourcecode.swift; path = TrackCollectionViewCell.swift; sourceTree = "<group>"; };
		B4A6CC6629D481C900E88639 /* TrackResponse.swift */ = {isa = PBXFileReference; lastKnownFileType = sourcecode.swift; path = TrackResponse.swift; sourceTree = "<group>"; };
		B4A6CC6829D865A600E88639 /* TrackService.swift */ = {isa = PBXFileReference; lastKnownFileType = sourcecode.swift; path = TrackService.swift; sourceTree = "<group>"; };
		B4A6CC6A29D86A8200E88639 /* NetworkError.swift */ = {isa = PBXFileReference; lastKnownFileType = sourcecode.swift; path = NetworkError.swift; sourceTree = "<group>"; };
		B4A6CC6D29DAD90A00E88639 /* TracksCollectionViewCellData.swift */ = {isa = PBXFileReference; lastKnownFileType = sourcecode.swift; path = TracksCollectionViewCellData.swift; sourceTree = "<group>"; };
		B4A6CC7029DADCC100E88639 /* TrackCollectionViewCell.xib */ = {isa = PBXFileReference; lastKnownFileType = file.xib; path = TrackCollectionViewCell.xib; sourceTree = "<group>"; };
		B4A6CC7329DC794700E88639 /* TrackDetailViewController.swift */ = {isa = PBXFileReference; lastKnownFileType = sourcecode.swift; path = TrackDetailViewController.swift; sourceTree = "<group>"; };
		B4A6CC7529DC795000E88639 /* TrackDetailViewController.storyboard */ = {isa = PBXFileReference; lastKnownFileType = file.storyboard; path = TrackDetailViewController.storyboard; sourceTree = "<group>"; };
		B4A6CC7729DC7B8C00E88639 /* TrackDetailViewModel.swift */ = {isa = PBXFileReference; lastKnownFileType = sourcecode.swift; path = TrackDetailViewModel.swift; sourceTree = "<group>"; };
		BA1136534AE58D953D74E040 /* Pods-Movey.debug.xcconfig */ = {isa = PBXFileReference; includeInIndex = 1; lastKnownFileType = text.xcconfig; name = "Pods-Movey.debug.xcconfig"; path = "Target Support Files/Pods-Movey/Pods-Movey.debug.xcconfig"; sourceTree = "<group>"; };
		D269C2172C963D7F2AA20DB6 /* Pods-Movey-MoveyUITests.debug.xcconfig */ = {isa = PBXFileReference; includeInIndex = 1; lastKnownFileType = text.xcconfig; name = "Pods-Movey-MoveyUITests.debug.xcconfig"; path = "Target Support Files/Pods-Movey-MoveyUITests/Pods-Movey-MoveyUITests.debug.xcconfig"; sourceTree = "<group>"; };
		D35228821C2428F3FCC52B7B /* Pods_Movey_MoveyUITests.framework */ = {isa = PBXFileReference; explicitFileType = wrapper.framework; includeInIndex = 0; path = Pods_Movey_MoveyUITests.framework; sourceTree = BUILT_PRODUCTS_DIR; };
/* End PBXFileReference section */

/* Begin PBXFrameworksBuildPhase section */
		6F3B198729D3131E00C3B7A4 /* Frameworks */ = {
			isa = PBXFrameworksBuildPhase;
			buildActionMask = 2147483647;
			files = (
				18E40635EC4DF439A96B146F /* Pods_Movey.framework in Frameworks */,
			);
			runOnlyForDeploymentPostprocessing = 0;
		};
		6F3B199D29D3131F00C3B7A4 /* Frameworks */ = {
			isa = PBXFrameworksBuildPhase;
			buildActionMask = 2147483647;
			files = (
				28CA57BC3915EDEDAF546F62 /* Pods_MoveyTests.framework in Frameworks */,
			);
			runOnlyForDeploymentPostprocessing = 0;
		};
		6F3B19A729D3131F00C3B7A4 /* Frameworks */ = {
			isa = PBXFrameworksBuildPhase;
			buildActionMask = 2147483647;
			files = (
				B92EEE2CD0D47CBCCD5F370E /* Pods_Movey_MoveyUITests.framework in Frameworks */,
			);
			runOnlyForDeploymentPostprocessing = 0;
		};
/* End PBXFrameworksBuildPhase section */

/* Begin PBXGroup section */
		6F3B198129D3131E00C3B7A4 = {
			isa = PBXGroup;
			children = (
				6F3B198C29D3131E00C3B7A4 /* Movey */,
				6F3B19A329D3131F00C3B7A4 /* MoveyTests */,
				6F3B19AD29D3131F00C3B7A4 /* MoveyUITests */,
				6F3B198B29D3131E00C3B7A4 /* Products */,
				DCBCF610BA53470D65620FCD /* Pods */,
				AA706702B4DB673AC8B2388D /* Frameworks */,
			);
			sourceTree = "<group>";
		};
		6F3B198B29D3131E00C3B7A4 /* Products */ = {
			isa = PBXGroup;
			children = (
				6F3B198A29D3131E00C3B7A4 /* Movey.app */,
				6F3B19A029D3131F00C3B7A4 /* MoveyTests.xctest */,
				6F3B19AA29D3131F00C3B7A4 /* MoveyUITests.xctest */,
			);
			name = Products;
			sourceTree = "<group>";
		};
		6F3B198C29D3131E00C3B7A4 /* Movey */ = {
			isa = PBXGroup;
			children = (
				B4A6CC6C29D86A8700E88639 /* Enums */,
				B4A6CC6129D4731800E88639 /* Custom Components */,
				6F3B19C429D442DB00C3B7A4 /* Models */,
				6F3B19BE29D439BC00C3B7A4 /* Resources */,
				6F3B19BD29D439B500C3B7A4 /* Scenes */,
				6F3B19C729D445A500C3B7A4 /* Services */,
				6F3B19BF29D439C500C3B7A4 /* Supporting Files */,
			);
			path = Movey;
			sourceTree = "<group>";
		};
		6F3B19A329D3131F00C3B7A4 /* MoveyTests */ = {
			isa = PBXGroup;
			children = (
				6F3B19A429D3131F00C3B7A4 /* MoveyTests.swift */,
			);
			path = MoveyTests;
			sourceTree = "<group>";
		};
		6F3B19AD29D3131F00C3B7A4 /* MoveyUITests */ = {
			isa = PBXGroup;
			children = (
				6F3B19AE29D3131F00C3B7A4 /* MoveyUITests.swift */,
				6F3B19B029D3131F00C3B7A4 /* MoveyUITestsLaunchTests.swift */,
			);
			path = MoveyUITests;
			sourceTree = "<group>";
		};
		6F3B19BD29D439B500C3B7A4 /* Scenes */ = {
			isa = PBXGroup;
			children = (
				6F3B19C029D439D800C3B7A4 /* Main */,
			);
			path = Scenes;
			sourceTree = "<group>";
		};
		6F3B19BE29D439BC00C3B7A4 /* Resources */ = {
			isa = PBXGroup;
			children = (
				6F3B199629D3131F00C3B7A4 /* Assets.xcassets */,
			);
			path = Resources;
			sourceTree = "<group>";
		};
		6F3B19BF29D439C500C3B7A4 /* Supporting Files */ = {
			isa = PBXGroup;
			children = (
				6F3B199829D3131F00C3B7A4 /* LaunchScreen.storyboard */,
				6F3B198D29D3131E00C3B7A4 /* AppDelegate.swift */,
				6F3B198F29D3131E00C3B7A4 /* SceneDelegate.swift */,
				6F3B199B29D3131F00C3B7A4 /* Info.plist */,
			);
			path = "Supporting Files";
			sourceTree = "<group>";
		};
		6F3B19C029D439D800C3B7A4 /* Main */ = {
			isa = PBXGroup;
			children = (
				B4A6CC7229DC791D00E88639 /* TrackDetailViewController */,
				6F3B199329D3131E00C3B7A4 /* Main.storyboard */,
				6F3B199129D3131E00C3B7A4 /* MainViewController.swift */,
				6F3B19C229D43FA900C3B7A4 /* MainViewModel.swift */,
			);
			path = Main;
			sourceTree = "<group>";
		};
		6F3B19C429D442DB00C3B7A4 /* Models */ = {
			isa = PBXGroup;
			children = (
				6F3B19C529D442E900C3B7A4 /* Track.swift */,
				B4A6CC6629D481C900E88639 /* TrackResponse.swift */,
				B4A6CC6D29DAD90A00E88639 /* TracksCollectionViewCellData.swift */,
			);
			path = Models;
			sourceTree = "<group>";
		};
		6F3B19C729D445A500C3B7A4 /* Services */ = {
			isa = PBXGroup;
			children = (
				6F3B19C829D4463E00C3B7A4 /* DBManager.swift */,
				B4A6CC6829D865A600E88639 /* TrackService.swift */,
			);
			path = Services;
			sourceTree = "<group>";
		};
		AA706702B4DB673AC8B2388D /* Frameworks */ = {
			isa = PBXGroup;
			children = (
				5FCBB12FBBBAFC5EC73E5B07 /* Pods_Movey.framework */,
				D35228821C2428F3FCC52B7B /* Pods_Movey_MoveyUITests.framework */,
				9F8172F61BEA04EC94155C05 /* Pods_MoveyTests.framework */,
			);
			name = Frameworks;
			sourceTree = "<group>";
		};
		B4A6CC6129D4731800E88639 /* Custom Components */ = {
			isa = PBXGroup;
			children = (
				B4A6CC6F29DADC9D00E88639 /* TrackCollectionViewCell */,
			);
			path = "Custom Components";
			sourceTree = "<group>";
		};
		B4A6CC6C29D86A8700E88639 /* Enums */ = {
			isa = PBXGroup;
			children = (
				B4A6CC6A29D86A8200E88639 /* NetworkError.swift */,
				6FB8CACC29DD817A00457A8F /* Status.swift */,
			);
			path = Enums;
			sourceTree = "<group>";
		};
		B4A6CC6F29DADC9D00E88639 /* TrackCollectionViewCell */ = {
			isa = PBXGroup;
			children = (
				B4A6CC6229D4733800E88639 /* TrackCollectionViewCell.swift */,
				B4A6CC7029DADCC100E88639 /* TrackCollectionViewCell.xib */,
			);
			path = TrackCollectionViewCell;
			sourceTree = "<group>";
		};
		B4A6CC7229DC791D00E88639 /* TrackDetailViewController */ = {
			isa = PBXGroup;
			children = (
				B4A6CC7329DC794700E88639 /* TrackDetailViewController.swift */,
				B4A6CC7529DC795000E88639 /* TrackDetailViewController.storyboard */,
				B4A6CC7729DC7B8C00E88639 /* TrackDetailViewModel.swift */,
			);
			path = TrackDetailViewController;
			sourceTree = "<group>";
		};
		DCBCF610BA53470D65620FCD /* Pods */ = {
			isa = PBXGroup;
			children = (
				BA1136534AE58D953D74E040 /* Pods-Movey.debug.xcconfig */,
				294655B30BB4D2D4ABEE2518 /* Pods-Movey.release.xcconfig */,
				D269C2172C963D7F2AA20DB6 /* Pods-Movey-MoveyUITests.debug.xcconfig */,
				AC0D5DD7B3E5D19FC97F5615 /* Pods-Movey-MoveyUITests.release.xcconfig */,
				12EE565E3A2B6FA71454FD4B /* Pods-MoveyTests.debug.xcconfig */,
				6EE97C79B585BF730BADEEBC /* Pods-MoveyTests.release.xcconfig */,
			);
			path = Pods;
			sourceTree = "<group>";
		};
/* End PBXGroup section */

/* Begin PBXNativeTarget section */
		6F3B198929D3131E00C3B7A4 /* Movey */ = {
			isa = PBXNativeTarget;
			buildConfigurationList = 6F3B19B429D3131F00C3B7A4 /* Build configuration list for PBXNativeTarget "Movey" */;
			buildPhases = (
				FB353E81912E3F433F7432A2 /* [CP] Check Pods Manifest.lock */,
				6F3B198629D3131E00C3B7A4 /* Sources */,
				6F3B198729D3131E00C3B7A4 /* Frameworks */,
				6F3B198829D3131E00C3B7A4 /* Resources */,
				58EF0BED0394F361785D3ADC /* [CP] Embed Pods Frameworks */,
			);
			buildRules = (
			);
			dependencies = (
			);
			name = Movey;
			productName = Movey;
			productReference = 6F3B198A29D3131E00C3B7A4 /* Movey.app */;
			productType = "com.apple.product-type.application";
		};
		6F3B199F29D3131F00C3B7A4 /* MoveyTests */ = {
			isa = PBXNativeTarget;
			buildConfigurationList = 6F3B19B729D3131F00C3B7A4 /* Build configuration list for PBXNativeTarget "MoveyTests" */;
			buildPhases = (
				EF85F5B395EA991B2AC6C532 /* [CP] Check Pods Manifest.lock */,
				6F3B199C29D3131F00C3B7A4 /* Sources */,
				6F3B199D29D3131F00C3B7A4 /* Frameworks */,
				6F3B199E29D3131F00C3B7A4 /* Resources */,
			);
			buildRules = (
			);
			dependencies = (
				6F3B19A229D3131F00C3B7A4 /* PBXTargetDependency */,
			);
			name = MoveyTests;
			productName = MoveyTests;
			productReference = 6F3B19A029D3131F00C3B7A4 /* MoveyTests.xctest */;
			productType = "com.apple.product-type.bundle.unit-test";
		};
		6F3B19A929D3131F00C3B7A4 /* MoveyUITests */ = {
			isa = PBXNativeTarget;
			buildConfigurationList = 6F3B19BA29D3131F00C3B7A4 /* Build configuration list for PBXNativeTarget "MoveyUITests" */;
			buildPhases = (
				63D3E348A347186F3FAD678D /* [CP] Check Pods Manifest.lock */,
				6F3B19A629D3131F00C3B7A4 /* Sources */,
				6F3B19A729D3131F00C3B7A4 /* Frameworks */,
				6F3B19A829D3131F00C3B7A4 /* Resources */,
				116EB9D1E4574ABBE301A57C /* [CP] Embed Pods Frameworks */,
			);
			buildRules = (
			);
			dependencies = (
				6F3B19AC29D3131F00C3B7A4 /* PBXTargetDependency */,
			);
			name = MoveyUITests;
			productName = MoveyUITests;
			productReference = 6F3B19AA29D3131F00C3B7A4 /* MoveyUITests.xctest */;
			productType = "com.apple.product-type.bundle.ui-testing";
		};
/* End PBXNativeTarget section */

/* Begin PBXProject section */
		6F3B198229D3131E00C3B7A4 /* Project object */ = {
			isa = PBXProject;
			attributes = {
				BuildIndependentTargetsInParallel = 1;
				LastSwiftUpdateCheck = 1400;
				LastUpgradeCheck = 1400;
				TargetAttributes = {
					6F3B198929D3131E00C3B7A4 = {
						CreatedOnToolsVersion = 14.0.1;
					};
					6F3B199F29D3131F00C3B7A4 = {
						CreatedOnToolsVersion = 14.0.1;
						TestTargetID = 6F3B198929D3131E00C3B7A4;
					};
					6F3B19A929D3131F00C3B7A4 = {
						CreatedOnToolsVersion = 14.0.1;
						TestTargetID = 6F3B198929D3131E00C3B7A4;
					};
				};
			};
			buildConfigurationList = 6F3B198529D3131E00C3B7A4 /* Build configuration list for PBXProject "Movey" */;
			compatibilityVersion = "Xcode 14.0";
			developmentRegion = en;
			hasScannedForEncodings = 0;
			knownRegions = (
				en,
				Base,
			);
			mainGroup = 6F3B198129D3131E00C3B7A4;
			productRefGroup = 6F3B198B29D3131E00C3B7A4 /* Products */;
			projectDirPath = "";
			projectRoot = "";
			targets = (
				6F3B198929D3131E00C3B7A4 /* Movey */,
				6F3B199F29D3131F00C3B7A4 /* MoveyTests */,
				6F3B19A929D3131F00C3B7A4 /* MoveyUITests */,
			);
		};
/* End PBXProject section */

/* Begin PBXResourcesBuildPhase section */
		6F3B198829D3131E00C3B7A4 /* Resources */ = {
			isa = PBXResourcesBuildPhase;
			buildActionMask = 2147483647;
			files = (
				B4A6CC7129DADCC100E88639 /* TrackCollectionViewCell.xib in Resources */,
				6F3B199A29D3131F00C3B7A4 /* LaunchScreen.storyboard in Resources */,
				6F3B199729D3131F00C3B7A4 /* Assets.xcassets in Resources */,
				6F3B199529D3131E00C3B7A4 /* Main.storyboard in Resources */,
				B4A6CC7629DC795000E88639 /* TrackDetailViewController.storyboard in Resources */,
			);
			runOnlyForDeploymentPostprocessing = 0;
		};
		6F3B199E29D3131F00C3B7A4 /* Resources */ = {
			isa = PBXResourcesBuildPhase;
			buildActionMask = 2147483647;
			files = (
			);
			runOnlyForDeploymentPostprocessing = 0;
		};
		6F3B19A829D3131F00C3B7A4 /* Resources */ = {
			isa = PBXResourcesBuildPhase;
			buildActionMask = 2147483647;
			files = (
			);
			runOnlyForDeploymentPostprocessing = 0;
		};
/* End PBXResourcesBuildPhase section */

/* Begin PBXShellScriptBuildPhase section */
		116EB9D1E4574ABBE301A57C /* [CP] Embed Pods Frameworks */ = {
			isa = PBXShellScriptBuildPhase;
			buildActionMask = 2147483647;
			files = (
			);
			inputFileListPaths = (
				"${PODS_ROOT}/Target Support Files/Pods-Movey-MoveyUITests/Pods-Movey-MoveyUITests-frameworks-${CONFIGURATION}-input-files.xcfilelist",
			);
			name = "[CP] Embed Pods Frameworks";
			outputFileListPaths = (
				"${PODS_ROOT}/Target Support Files/Pods-Movey-MoveyUITests/Pods-Movey-MoveyUITests-frameworks-${CONFIGURATION}-output-files.xcfilelist",
			);
			runOnlyForDeploymentPostprocessing = 0;
			shellPath = /bin/sh;
			shellScript = "\"${PODS_ROOT}/Target Support Files/Pods-Movey-MoveyUITests/Pods-Movey-MoveyUITests-frameworks.sh\"\n";
			showEnvVarsInLog = 0;
		};
		58EF0BED0394F361785D3ADC /* [CP] Embed Pods Frameworks */ = {
			isa = PBXShellScriptBuildPhase;
			buildActionMask = 2147483647;
			files = (
			);
			inputFileListPaths = (
				"${PODS_ROOT}/Target Support Files/Pods-Movey/Pods-Movey-frameworks-${CONFIGURATION}-input-files.xcfilelist",
			);
			name = "[CP] Embed Pods Frameworks";
			outputFileListPaths = (
				"${PODS_ROOT}/Target Support Files/Pods-Movey/Pods-Movey-frameworks-${CONFIGURATION}-output-files.xcfilelist",
			);
			runOnlyForDeploymentPostprocessing = 0;
			shellPath = /bin/sh;
			shellScript = "\"${PODS_ROOT}/Target Support Files/Pods-Movey/Pods-Movey-frameworks.sh\"\n";
			showEnvVarsInLog = 0;
		};
		63D3E348A347186F3FAD678D /* [CP] Check Pods Manifest.lock */ = {
			isa = PBXShellScriptBuildPhase;
			buildActionMask = 2147483647;
			files = (
			);
			inputFileListPaths = (
			);
			inputPaths = (
				"${PODS_PODFILE_DIR_PATH}/Podfile.lock",
				"${PODS_ROOT}/Manifest.lock",
			);
			name = "[CP] Check Pods Manifest.lock";
			outputFileListPaths = (
			);
			outputPaths = (
				"$(DERIVED_FILE_DIR)/Pods-Movey-MoveyUITests-checkManifestLockResult.txt",
			);
			runOnlyForDeploymentPostprocessing = 0;
			shellPath = /bin/sh;
			shellScript = "diff \"${PODS_PODFILE_DIR_PATH}/Podfile.lock\" \"${PODS_ROOT}/Manifest.lock\" > /dev/null\nif [ $? != 0 ] ; then\n    # print error to STDERR\n    echo \"error: The sandbox is not in sync with the Podfile.lock. Run 'pod install' or update your CocoaPods installation.\" >&2\n    exit 1\nfi\n# This output is used by Xcode 'outputs' to avoid re-running this script phase.\necho \"SUCCESS\" > \"${SCRIPT_OUTPUT_FILE_0}\"\n";
			showEnvVarsInLog = 0;
		};
		EF85F5B395EA991B2AC6C532 /* [CP] Check Pods Manifest.lock */ = {
			isa = PBXShellScriptBuildPhase;
			buildActionMask = 2147483647;
			files = (
			);
			inputFileListPaths = (
			);
			inputPaths = (
				"${PODS_PODFILE_DIR_PATH}/Podfile.lock",
				"${PODS_ROOT}/Manifest.lock",
			);
			name = "[CP] Check Pods Manifest.lock";
			outputFileListPaths = (
			);
			outputPaths = (
				"$(DERIVED_FILE_DIR)/Pods-MoveyTests-checkManifestLockResult.txt",
			);
			runOnlyForDeploymentPostprocessing = 0;
			shellPath = /bin/sh;
			shellScript = "diff \"${PODS_PODFILE_DIR_PATH}/Podfile.lock\" \"${PODS_ROOT}/Manifest.lock\" > /dev/null\nif [ $? != 0 ] ; then\n    # print error to STDERR\n    echo \"error: The sandbox is not in sync with the Podfile.lock. Run 'pod install' or update your CocoaPods installation.\" >&2\n    exit 1\nfi\n# This output is used by Xcode 'outputs' to avoid re-running this script phase.\necho \"SUCCESS\" > \"${SCRIPT_OUTPUT_FILE_0}\"\n";
			showEnvVarsInLog = 0;
		};
		FB353E81912E3F433F7432A2 /* [CP] Check Pods Manifest.lock */ = {
			isa = PBXShellScriptBuildPhase;
			buildActionMask = 2147483647;
			files = (
			);
			inputFileListPaths = (
			);
			inputPaths = (
				"${PODS_PODFILE_DIR_PATH}/Podfile.lock",
				"${PODS_ROOT}/Manifest.lock",
			);
			name = "[CP] Check Pods Manifest.lock";
			outputFileListPaths = (
			);
			outputPaths = (
				"$(DERIVED_FILE_DIR)/Pods-Movey-checkManifestLockResult.txt",
			);
			runOnlyForDeploymentPostprocessing = 0;
			shellPath = /bin/sh;
			shellScript = "diff \"${PODS_PODFILE_DIR_PATH}/Podfile.lock\" \"${PODS_ROOT}/Manifest.lock\" > /dev/null\nif [ $? != 0 ] ; then\n    # print error to STDERR\n    echo \"error: The sandbox is not in sync with the Podfile.lock. Run 'pod install' or update your CocoaPods installation.\" >&2\n    exit 1\nfi\n# This output is used by Xcode 'outputs' to avoid re-running this script phase.\necho \"SUCCESS\" > \"${SCRIPT_OUTPUT_FILE_0}\"\n";
			showEnvVarsInLog = 0;
		};
/* End PBXShellScriptBuildPhase section */

/* Begin PBXSourcesBuildPhase section */
		6F3B198629D3131E00C3B7A4 /* Sources */ = {
			isa = PBXSourcesBuildPhase;
			buildActionMask = 2147483647;
			files = (
				B4A6CC6329D4733800E88639 /* TrackCollectionViewCell.swift in Sources */,
				6F3B199229D3131E00C3B7A4 /* MainViewController.swift in Sources */,
				B4A6CC6E29DAD90A00E88639 /* TracksCollectionViewCellData.swift in Sources */,
				B4A6CC6729D481C900E88639 /* TrackResponse.swift in Sources */,
				B4A6CC6929D865A600E88639 /* TrackService.swift in Sources */,
				B4A6CC7829DC7B8C00E88639 /* TrackDetailViewModel.swift in Sources */,
				B4A6CC7429DC794700E88639 /* TrackDetailViewController.swift in Sources */,
				6F3B19C929D4463E00C3B7A4 /* DBManager.swift in Sources */,
				6F3B19C629D442E900C3B7A4 /* Track.swift in Sources */,
				6FB8CACD29DD817A00457A8F /* Status.swift in Sources */,
				6F3B198E29D3131E00C3B7A4 /* AppDelegate.swift in Sources */,
				6F3B199029D3131E00C3B7A4 /* SceneDelegate.swift in Sources */,
				6F3B19C329D43FA900C3B7A4 /* MainViewModel.swift in Sources */,
				B4A6CC6B29D86A8200E88639 /* NetworkError.swift in Sources */,
			);
			runOnlyForDeploymentPostprocessing = 0;
		};
		6F3B199C29D3131F00C3B7A4 /* Sources */ = {
			isa = PBXSourcesBuildPhase;
			buildActionMask = 2147483647;
			files = (
				6F3B19A529D3131F00C3B7A4 /* MoveyTests.swift in Sources */,
			);
			runOnlyForDeploymentPostprocessing = 0;
		};
		6F3B19A629D3131F00C3B7A4 /* Sources */ = {
			isa = PBXSourcesBuildPhase;
			buildActionMask = 2147483647;
			files = (
				6F3B19AF29D3131F00C3B7A4 /* MoveyUITests.swift in Sources */,
				6F3B19B129D3131F00C3B7A4 /* MoveyUITestsLaunchTests.swift in Sources */,
			);
			runOnlyForDeploymentPostprocessing = 0;
		};
/* End PBXSourcesBuildPhase section */

/* Begin PBXTargetDependency section */
		6F3B19A229D3131F00C3B7A4 /* PBXTargetDependency */ = {
			isa = PBXTargetDependency;
			target = 6F3B198929D3131E00C3B7A4 /* Movey */;
			targetProxy = 6F3B19A129D3131F00C3B7A4 /* PBXContainerItemProxy */;
		};
		6F3B19AC29D3131F00C3B7A4 /* PBXTargetDependency */ = {
			isa = PBXTargetDependency;
			target = 6F3B198929D3131E00C3B7A4 /* Movey */;
			targetProxy = 6F3B19AB29D3131F00C3B7A4 /* PBXContainerItemProxy */;
		};
/* End PBXTargetDependency section */

/* Begin PBXVariantGroup section */
		6F3B199329D3131E00C3B7A4 /* Main.storyboard */ = {
			isa = PBXVariantGroup;
			children = (
				6F3B199429D3131E00C3B7A4 /* Base */,
			);
			name = Main.storyboard;
			sourceTree = "<group>";
		};
		6F3B199829D3131F00C3B7A4 /* LaunchScreen.storyboard */ = {
			isa = PBXVariantGroup;
			children = (
				6F3B199929D3131F00C3B7A4 /* Base */,
			);
			name = LaunchScreen.storyboard;
			sourceTree = "<group>";
		};
/* End PBXVariantGroup section */

/* Begin XCBuildConfiguration section */
		6F3B19B229D3131F00C3B7A4 /* Debug */ = {
			isa = XCBuildConfiguration;
			buildSettings = {
				ALWAYS_SEARCH_USER_PATHS = NO;
				CLANG_ANALYZER_NONNULL = YES;
				CLANG_ANALYZER_NUMBER_OBJECT_CONVERSION = YES_AGGRESSIVE;
				CLANG_CXX_LANGUAGE_STANDARD = "gnu++20";
				CLANG_ENABLE_MODULES = YES;
				CLANG_ENABLE_OBJC_ARC = YES;
				CLANG_ENABLE_OBJC_WEAK = YES;
				CLANG_WARN_BLOCK_CAPTURE_AUTORELEASING = YES;
				CLANG_WARN_BOOL_CONVERSION = YES;
				CLANG_WARN_COMMA = YES;
				CLANG_WARN_CONSTANT_CONVERSION = YES;
				CLANG_WARN_DEPRECATED_OBJC_IMPLEMENTATIONS = YES;
				CLANG_WARN_DIRECT_OBJC_ISA_USAGE = YES_ERROR;
				CLANG_WARN_DOCUMENTATION_COMMENTS = YES;
				CLANG_WARN_EMPTY_BODY = YES;
				CLANG_WARN_ENUM_CONVERSION = YES;
				CLANG_WARN_INFINITE_RECURSION = YES;
				CLANG_WARN_INT_CONVERSION = YES;
				CLANG_WARN_NON_LITERAL_NULL_CONVERSION = YES;
				CLANG_WARN_OBJC_IMPLICIT_RETAIN_SELF = YES;
				CLANG_WARN_OBJC_LITERAL_CONVERSION = YES;
				CLANG_WARN_OBJC_ROOT_CLASS = YES_ERROR;
				CLANG_WARN_QUOTED_INCLUDE_IN_FRAMEWORK_HEADER = YES;
				CLANG_WARN_RANGE_LOOP_ANALYSIS = YES;
				CLANG_WARN_STRICT_PROTOTYPES = YES;
				CLANG_WARN_SUSPICIOUS_MOVE = YES;
				CLANG_WARN_UNGUARDED_AVAILABILITY = YES_AGGRESSIVE;
				CLANG_WARN_UNREACHABLE_CODE = YES;
				CLANG_WARN__DUPLICATE_METHOD_MATCH = YES;
				COPY_PHASE_STRIP = NO;
				DEBUG_INFORMATION_FORMAT = dwarf;
				ENABLE_STRICT_OBJC_MSGSEND = YES;
				ENABLE_TESTABILITY = YES;
				GCC_C_LANGUAGE_STANDARD = gnu11;
				GCC_DYNAMIC_NO_PIC = NO;
				GCC_NO_COMMON_BLOCKS = YES;
				GCC_OPTIMIZATION_LEVEL = 0;
				GCC_PREPROCESSOR_DEFINITIONS = (
					"DEBUG=1",
					"$(inherited)",
				);
				GCC_WARN_64_TO_32_BIT_CONVERSION = YES;
				GCC_WARN_ABOUT_RETURN_TYPE = YES_ERROR;
				GCC_WARN_UNDECLARED_SELECTOR = YES;
				GCC_WARN_UNINITIALIZED_AUTOS = YES_AGGRESSIVE;
				GCC_WARN_UNUSED_FUNCTION = YES;
				GCC_WARN_UNUSED_VARIABLE = YES;
				IPHONEOS_DEPLOYMENT_TARGET = 16.0;
				MTL_ENABLE_DEBUG_INFO = INCLUDE_SOURCE;
				MTL_FAST_MATH = YES;
				ONLY_ACTIVE_ARCH = YES;
				SDKROOT = iphoneos;
				SWIFT_ACTIVE_COMPILATION_CONDITIONS = DEBUG;
				SWIFT_OPTIMIZATION_LEVEL = "-Onone";
			};
			name = Debug;
		};
		6F3B19B329D3131F00C3B7A4 /* Release */ = {
			isa = XCBuildConfiguration;
			buildSettings = {
				ALWAYS_SEARCH_USER_PATHS = NO;
				CLANG_ANALYZER_NONNULL = YES;
				CLANG_ANALYZER_NUMBER_OBJECT_CONVERSION = YES_AGGRESSIVE;
				CLANG_CXX_LANGUAGE_STANDARD = "gnu++20";
				CLANG_ENABLE_MODULES = YES;
				CLANG_ENABLE_OBJC_ARC = YES;
				CLANG_ENABLE_OBJC_WEAK = YES;
				CLANG_WARN_BLOCK_CAPTURE_AUTORELEASING = YES;
				CLANG_WARN_BOOL_CONVERSION = YES;
				CLANG_WARN_COMMA = YES;
				CLANG_WARN_CONSTANT_CONVERSION = YES;
				CLANG_WARN_DEPRECATED_OBJC_IMPLEMENTATIONS = YES;
				CLANG_WARN_DIRECT_OBJC_ISA_USAGE = YES_ERROR;
				CLANG_WARN_DOCUMENTATION_COMMENTS = YES;
				CLANG_WARN_EMPTY_BODY = YES;
				CLANG_WARN_ENUM_CONVERSION = YES;
				CLANG_WARN_INFINITE_RECURSION = YES;
				CLANG_WARN_INT_CONVERSION = YES;
				CLANG_WARN_NON_LITERAL_NULL_CONVERSION = YES;
				CLANG_WARN_OBJC_IMPLICIT_RETAIN_SELF = YES;
				CLANG_WARN_OBJC_LITERAL_CONVERSION = YES;
				CLANG_WARN_OBJC_ROOT_CLASS = YES_ERROR;
				CLANG_WARN_QUOTED_INCLUDE_IN_FRAMEWORK_HEADER = YES;
				CLANG_WARN_RANGE_LOOP_ANALYSIS = YES;
				CLANG_WARN_STRICT_PROTOTYPES = YES;
				CLANG_WARN_SUSPICIOUS_MOVE = YES;
				CLANG_WARN_UNGUARDED_AVAILABILITY = YES_AGGRESSIVE;
				CLANG_WARN_UNREACHABLE_CODE = YES;
				CLANG_WARN__DUPLICATE_METHOD_MATCH = YES;
				COPY_PHASE_STRIP = NO;
				DEBUG_INFORMATION_FORMAT = "dwarf-with-dsym";
				ENABLE_NS_ASSERTIONS = NO;
				ENABLE_STRICT_OBJC_MSGSEND = YES;
				GCC_C_LANGUAGE_STANDARD = gnu11;
				GCC_NO_COMMON_BLOCKS = YES;
				GCC_WARN_64_TO_32_BIT_CONVERSION = YES;
				GCC_WARN_ABOUT_RETURN_TYPE = YES_ERROR;
				GCC_WARN_UNDECLARED_SELECTOR = YES;
				GCC_WARN_UNINITIALIZED_AUTOS = YES_AGGRESSIVE;
				GCC_WARN_UNUSED_FUNCTION = YES;
				GCC_WARN_UNUSED_VARIABLE = YES;
				IPHONEOS_DEPLOYMENT_TARGET = 16.0;
				MTL_ENABLE_DEBUG_INFO = NO;
				MTL_FAST_MATH = YES;
				SDKROOT = iphoneos;
				SWIFT_COMPILATION_MODE = wholemodule;
				SWIFT_OPTIMIZATION_LEVEL = "-O";
				VALIDATE_PRODUCT = YES;
			};
			name = Release;
		};
		6F3B19B529D3131F00C3B7A4 /* Debug */ = {
			isa = XCBuildConfiguration;
			baseConfigurationReference = BA1136534AE58D953D74E040 /* Pods-Movey.debug.xcconfig */;
			buildSettings = {
				ASSETCATALOG_COMPILER_APPICON_NAME = AppIcon;
				ASSETCATALOG_COMPILER_GLOBAL_ACCENT_COLOR_NAME = AccentColor;
				CODE_SIGN_IDENTITY = "Apple Development";
				CODE_SIGN_STYLE = Automatic;
				CURRENT_PROJECT_VERSION = 1;
				DEVELOPMENT_TEAM = 6CXX9WJRR3;
				GENERATE_INFOPLIST_FILE = YES;
				INFOPLIST_FILE = "Movey/Supporting Files/Info.plist";
				INFOPLIST_KEY_UIApplicationSupportsIndirectInputEvents = YES;
				INFOPLIST_KEY_UILaunchStoryboardName = LaunchScreen;
				INFOPLIST_KEY_UIMainStoryboardFile = Main;
				INFOPLIST_KEY_UISupportedInterfaceOrientations_iPad = "UIInterfaceOrientationPortrait UIInterfaceOrientationPortraitUpsideDown UIInterfaceOrientationLandscapeLeft UIInterfaceOrientationLandscapeRight";
				INFOPLIST_KEY_UISupportedInterfaceOrientations_iPhone = "UIInterfaceOrientationPortrait UIInterfaceOrientationLandscapeLeft UIInterfaceOrientationLandscapeRight";
				LD_RUNPATH_SEARCH_PATHS = (
					"$(inherited)",
					"@executable_path/Frameworks",
				);
				MARKETING_VERSION = 1.0;
				PRODUCT_BUNDLE_IDENTIFIER = com.jaimejazarenoiii.Movey;
				PRODUCT_NAME = "$(TARGET_NAME)";
				PROVISIONING_PROFILE_SPECIFIER = "";
				SWIFT_EMIT_LOC_STRINGS = YES;
				SWIFT_VERSION = 5.0;
				TARGETED_DEVICE_FAMILY = "1,2";
			};
			name = Debug;
		};
		6F3B19B629D3131F00C3B7A4 /* Release */ = {
			isa = XCBuildConfiguration;
			baseConfigurationReference = 294655B30BB4D2D4ABEE2518 /* Pods-Movey.release.xcconfig */;
			buildSettings = {
				ASSETCATALOG_COMPILER_APPICON_NAME = AppIcon;
				ASSETCATALOG_COMPILER_GLOBAL_ACCENT_COLOR_NAME = AccentColor;
				CODE_SIGN_IDENTITY = "Apple Development";
				CODE_SIGN_STYLE = Automatic;
				CURRENT_PROJECT_VERSION = 1;
				DEVELOPMENT_TEAM = 6CXX9WJRR3;
				GENERATE_INFOPLIST_FILE = YES;
				INFOPLIST_FILE = "Movey/Supporting Files/Info.plist";
				INFOPLIST_KEY_UIApplicationSupportsIndirectInputEvents = YES;
				INFOPLIST_KEY_UILaunchStoryboardName = LaunchScreen;
				INFOPLIST_KEY_UIMainStoryboardFile = Main;
				INFOPLIST_KEY_UISupportedInterfaceOrientations_iPad = "UIInterfaceOrientationPortrait UIInterfaceOrientationPortraitUpsideDown UIInterfaceOrientationLandscapeLeft UIInterfaceOrientationLandscapeRight";
				INFOPLIST_KEY_UISupportedInterfaceOrientations_iPhone = "UIInterfaceOrientationPortrait UIInterfaceOrientationLandscapeLeft UIInterfaceOrientationLandscapeRight";
				LD_RUNPATH_SEARCH_PATHS = (
					"$(inherited)",
					"@executable_path/Frameworks",
				);
				MARKETING_VERSION = 1.0;
				PRODUCT_BUNDLE_IDENTIFIER = com.jaimejazarenoiii.Movey;
				PRODUCT_NAME = "$(TARGET_NAME)";
				PROVISIONING_PROFILE_SPECIFIER = "";
				SWIFT_EMIT_LOC_STRINGS = YES;
				SWIFT_VERSION = 5.0;
				TARGETED_DEVICE_FAMILY = "1,2";
			};
			name = Release;
		};
		6F3B19B829D3131F00C3B7A4 /* Debug */ = {
			isa = XCBuildConfiguration;
			baseConfigurationReference = 12EE565E3A2B6FA71454FD4B /* Pods-MoveyTests.debug.xcconfig */;
			buildSettings = {
				ALWAYS_EMBED_SWIFT_STANDARD_LIBRARIES = YES;
				BUNDLE_LOADER = "$(TEST_HOST)";
				CODE_SIGN_STYLE = Automatic;
				CURRENT_PROJECT_VERSION = 1;
				DEVELOPMENT_TEAM = 376MZMYFVZ;
				GENERATE_INFOPLIST_FILE = YES;
				IPHONEOS_DEPLOYMENT_TARGET = 16.0;
				MARKETING_VERSION = 1.0;
				PRODUCT_BUNDLE_IDENTIFIER = com.jaimejazarenoiii.MoveyTests;
				PRODUCT_NAME = "$(TARGET_NAME)";
				SWIFT_EMIT_LOC_STRINGS = NO;
				SWIFT_VERSION = 5.0;
				TARGETED_DEVICE_FAMILY = "1,2";
				TEST_HOST = "$(BUILT_PRODUCTS_DIR)/Movey.app/$(BUNDLE_EXECUTABLE_FOLDER_PATH)/Movey";
			};
			name = Debug;
		};
		6F3B19B929D3131F00C3B7A4 /* Release */ = {
			isa = XCBuildConfiguration;
			baseConfigurationReference = 6EE97C79B585BF730BADEEBC /* Pods-MoveyTests.release.xcconfig */;
			buildSettings = {
				ALWAYS_EMBED_SWIFT_STANDARD_LIBRARIES = YES;
				BUNDLE_LOADER = "$(TEST_HOST)";
				CODE_SIGN_STYLE = Automatic;
				CURRENT_PROJECT_VERSION = 1;
				DEVELOPMENT_TEAM = 376MZMYFVZ;
				GENERATE_INFOPLIST_FILE = YES;
				IPHONEOS_DEPLOYMENT_TARGET = 16.0;
				MARKETING_VERSION = 1.0;
				PRODUCT_BUNDLE_IDENTIFIER = com.jaimejazarenoiii.MoveyTests;
				PRODUCT_NAME = "$(TARGET_NAME)";
				SWIFT_EMIT_LOC_STRINGS = NO;
				SWIFT_VERSION = 5.0;
				TARGETED_DEVICE_FAMILY = "1,2";
				TEST_HOST = "$(BUILT_PRODUCTS_DIR)/Movey.app/$(BUNDLE_EXECUTABLE_FOLDER_PATH)/Movey";
			};
			name = Release;
		};
		6F3B19BB29D3131F00C3B7A4 /* Debug */ = {
			isa = XCBuildConfiguration;
			baseConfigurationReference = D269C2172C963D7F2AA20DB6 /* Pods-Movey-MoveyUITests.debug.xcconfig */;
			buildSettings = {
				ALWAYS_EMBED_SWIFT_STANDARD_LIBRARIES = YES;
				CODE_SIGN_STYLE = Automatic;
				CURRENT_PROJECT_VERSION = 1;
				DEVELOPMENT_TEAM = 376MZMYFVZ;
				GENERATE_INFOPLIST_FILE = YES;
				MARKETING_VERSION = 1.0;
				PRODUCT_BUNDLE_IDENTIFIER = com.jaimejazarenoiii.MoveyUITests;
				PRODUCT_NAME = "$(TARGET_NAME)";
				SWIFT_EMIT_LOC_STRINGS = NO;
				SWIFT_VERSION = 5.0;
				TARGETED_DEVICE_FAMILY = "1,2";
				TEST_TARGET_NAME = Movey;
			};
			name = Debug;
		};
		6F3B19BC29D3131F00C3B7A4 /* Release */ = {
			isa = XCBuildConfiguration;
			baseConfigurationReference = AC0D5DD7B3E5D19FC97F5615 /* Pods-Movey-MoveyUITests.release.xcconfig */;
			buildSettings = {
				ALWAYS_EMBED_SWIFT_STANDARD_LIBRARIES = YES;
				CODE_SIGN_STYLE = Automatic;
				CURRENT_PROJECT_VERSION = 1;
				DEVELOPMENT_TEAM = 376MZMYFVZ;
				GENERATE_INFOPLIST_FILE = YES;
				MARKETING_VERSION = 1.0;
				PRODUCT_BUNDLE_IDENTIFIER = com.jaimejazarenoiii.MoveyUITests;
				PRODUCT_NAME = "$(TARGET_NAME)";
				SWIFT_EMIT_LOC_STRINGS = NO;
				SWIFT_VERSION = 5.0;
				TARGETED_DEVICE_FAMILY = "1,2";
				TEST_TARGET_NAME = Movey;
			};
			name = Release;
		};
/* End XCBuildConfiguration section */

/* Begin XCConfigurationList section */
		6F3B198529D3131E00C3B7A4 /* Build configuration list for PBXProject "Movey" */ = {
			isa = XCConfigurationList;
			buildConfigurations = (
				6F3B19B229D3131F00C3B7A4 /* Debug */,
				6F3B19B329D3131F00C3B7A4 /* Release */,
			);
			defaultConfigurationIsVisible = 0;
			defaultConfigurationName = Release;
		};
		6F3B19B429D3131F00C3B7A4 /* Build configuration list for PBXNativeTarget "Movey" */ = {
			isa = XCConfigurationList;
			buildConfigurations = (
				6F3B19B529D3131F00C3B7A4 /* Debug */,
				6F3B19B629D3131F00C3B7A4 /* Release */,
			);
			defaultConfigurationIsVisible = 0;
			defaultConfigurationName = Release;
		};
		6F3B19B729D3131F00C3B7A4 /* Build configuration list for PBXNativeTarget "MoveyTests" */ = {
			isa = XCConfigurationList;
			buildConfigurations = (
				6F3B19B829D3131F00C3B7A4 /* Debug */,
				6F3B19B929D3131F00C3B7A4 /* Release */,
			);
			defaultConfigurationIsVisible = 0;
			defaultConfigurationName = Release;
		};
		6F3B19BA29D3131F00C3B7A4 /* Build configuration list for PBXNativeTarget "MoveyUITests" */ = {
			isa = XCConfigurationList;
			buildConfigurations = (
				6F3B19BB29D3131F00C3B7A4 /* Debug */,
				6F3B19BC29D3131F00C3B7A4 /* Release */,
			);
			defaultConfigurationIsVisible = 0;
			defaultConfigurationName = Release;
		};
/* End XCConfigurationList section */
	};
	rootObject = 6F3B198229D3131E00C3B7A4 /* Project object */;
}
