// !$*UTF8*$!
{
	archiveVersion = 1;
	classes = {
	};
	objectVersion = 56;
	objects = {

/* Begin PBXBuildFile section */
		6F3B198E29D3131E00C3B7A4 /* AppDelegate.swift in Sources */ = {isa = PBXBuildFile; fileRef = 6F3B198D29D3131E00C3B7A4 /* AppDelegate.swift */; };
		6F3B199029D3131E00C3B7A4 /* SceneDelegate.swift in Sources */ = {isa = PBXBuildFile; fileRef = 6F3B198F29D3131E00C3B7A4 /* SceneDelegate.swift */; };
		6F3B199229D3131E00C3B7A4 /* MainViewController.swift in Sources */ = {isa = PBXBuildFile; fileRef = 6F3B199129D3131E00C3B7A4 /* MainViewController.swift */; };
		6F3B199529D3131E00C3B7A4 /* Main.storyboard in Resources */ = {isa = PBXBuildFile; fileRef = 6F3B199329D3131E00C3B7A4 /* Main.storyboard */; };
		6F3B199729D3131F00C3B7A4 /* Assets.xcassets in Resources */ = {isa = PBXBuildFile; fileRef = 6F3B199629D3131F00C3B7A4 /* Assets.xcassets */; };
		6F3B199A29D3131F00C3B7A4 /* LaunchScreen.storyboard in Resources */ = {isa = PBXBuildFile; fileRef = 6F3B199829D3131F00C3B7A4 /* LaunchScreen.storyboard */; };
		6F3B19A529D3131F00C3B7A4 /* MoveyTests.swift in Sources */ = {isa = PBXBuildFile; fileRef = 6F3B19A429D3131F00C3B7A4 /* MoveyTests.swift */; };
		6F3B19AF29D3131F00C3B7A4 /* MoveyUITests.swift in Sources */ = {isa = PBXBuildFile; fileRef = 6F3B19AE29D3131F00C3B7A4 /* MoveyUITests.swift */; };
		6F3B19B129D3131F00C3B7A4 /* MoveyUITestsLaunchTests.swift in Sources */ = {isa = PBXBuildFile; fileRef = 6F3B19B029D3131F00C3B7A4 /* MoveyUITestsLaunchTests.swift */; };
/* End PBXBuildFile section */

/* Begin PBXContainerItemProxy section */
		6F3B19A129D3131F00C3B7A4 /* PBXContainerItemProxy */ = {
			isa = PBXContainerItemProxy;
			containerPortal = 6F3B198229D3131E00C3B7A4 /* Project object */;
			proxyType = 1;
			remoteGlobalIDString = 6F3B198929D3131E00C3B7A4;
			remoteInfo = Movey;
		};
		6F3B19AB29D3131F00C3B7A4 /* PBXContainerItemProxy */ = {
			isa = PBXContainerItemProxy;
			containerPortal = 6F3B198229D3131E00C3B7A4 /* Project object */;
			proxyType = 1;
			remoteGlobalIDString = 6F3B198929D3131E00C3B7A4;
			remoteInfo = Movey;
		};
/* End PBXContainerItemProxy section */

/* Begin PBXFileReference section */
		6F3B198A29D3131E00C3B7A4 /* Movey.app */ = {isa = PBXFileReference; explicitFileType = wrapper.application; includeInIndex = 0; path = Movey.app; sourceTree = BUILT_PRODUCTS_DIR; };
		6F3B198D29D3131E00C3B7A4 /* AppDelegate.swift */ = {isa = PBXFileReference; lastKnownFileType = sourcecode.swift; path = AppDelegate.swift; sourceTree = "<group>"; };
		6F3B198F29D3131E00C3B7A4 /* SceneDelegate.swift */ = {isa = PBXFileReference; lastKnownFileType = sourcecode.swift; path = SceneDelegate.swift; sourceTree = "<group>"; };
		6F3B199129D3131E00C3B7A4 /* MainViewController.swift */ = {isa = PBXFileReference; lastKnownFileType = sourcecode.swift; path = MainViewController.swift; sourceTree = "<group>"; };
		6F3B199429D3131E00C3B7A4 /* Base */ = {isa = PBXFileReference; lastKnownFileType = file.storyboard; name = Base; path = Base.lproj/Main.storyboard; sourceTree = "<group>"; };
		6F3B199629D3131F00C3B7A4 /* Assets.xcassets */ = {isa = PBXFileReference; lastKnownFileType = folder.assetcatalog; path = Assets.xcassets; sourceTree = "<group>"; };
		6F3B199929D3131F00C3B7A4 /* Base */ = {isa = PBXFileReference; lastKnownFileType = file.storyboard; name = Base; path = Base.lproj/LaunchScreen.storyboard; sourceTree = "<group>"; };
		6F3B199B29D3131F00C3B7A4 /* Info.plist */ = {isa = PBXFileReference; lastKnownFileType = text.plist.xml; path = Info.plist; sourceTree = "<group>"; };
		6F3B19A029D3131F00C3B7A4 /* MoveyTests.xctest */ = {isa = PBXFileReference; explicitFileType = wrapper.cfbundle; includeInIndex = 0; path = MoveyTests.xctest; sourceTree = BUILT_PRODUCTS_DIR; };
		6F3B19A429D3131F00C3B7A4 /* MoveyTests.swift */ = {isa = PBXFileReference; lastKnownFileType = sourcecode.swift; path = MoveyTests.swift; sourceTree = "<group>"; };
		6F3B19AA29D3131F00C3B7A4 /* MoveyUITests.xctest */ = {isa = PBXFileReference; explicitFileType = wrapper.cfbundle; includeInIndex = 0; path = MoveyUITests.xctest; sourceTree = BUILT_PRODUCTS_DIR; };
		6F3B19AE29D3131F00C3B7A4 /* MoveyUITests.swift */ = {isa = PBXFileReference; lastKnownFileType = sourcecode.swift; path = MoveyUITests.swift; sourceTree = "<group>"; };
		6F3B19B029D3131F00C3B7A4 /* MoveyUITestsLaunchTests.swift */ = {isa = PBXFileReference; lastKnownFileType = sourcecode.swift; path = MoveyUITestsLaunchTests.swift; sourceTree = "<group>"; };
/* End PBXFileReference section */

/* Begin PBXFrameworksBuildPhase section */
		6F3B198729D3131E00C3B7A4 /* Frameworks */ = {
			isa = PBXFrameworksBuildPhase;
			buildActionMask = 2147483647;
			files = (
			);
			runOnlyForDeploymentPostprocessing = 0;
		};
		6F3B199D29D3131F00C3B7A4 /* Frameworks */ = {
			isa = PBXFrameworksBuildPhase;
			buildActionMask = 2147483647;
			files = (
			);
			runOnlyForDeploymentPostprocessing = 0;
		};
		6F3B19A729D3131F00C3B7A4 /* Frameworks */ = {
			isa = PBXFrameworksBuildPhase;
			buildActionMask = 2147483647;
			files = (
			);
			runOnlyForDeploymentPostprocessing = 0;
		};
/* End PBXFrameworksBuildPhase section */

/* Begin PBXGroup section */
		6F3B198129D3131E00C3B7A4 = {
			isa = PBXGroup;
			children = (
				6F3B198C29D3131E00C3B7A4 /* Movey */,
				6F3B19A329D3131F00C3B7A4 /* MoveyTests */,
				6F3B19AD29D3131F00C3B7A4 /* MoveyUITests */,
				6F3B198B29D3131E00C3B7A4 /* Products */,
			);
			sourceTree = "<group>";
		};
		6F3B198B29D3131E00C3B7A4 /* Products */ = {
			isa = PBXGroup;
			children = (
				6F3B198A29D3131E00C3B7A4 /* Movey.app */,
				6F3B19A029D3131F00C3B7A4 /* MoveyTests.xctest */,
				6F3B19AA29D3131F00C3B7A4 /* MoveyUITests.xctest */,
			);
			name = Products;
			sourceTree = "<group>";
		};
		6F3B198C29D3131E00C3B7A4 /* Movey */ = {
			isa = PBXGroup;
			children = (
				6F3B19BF29D439C500C3B7A4 /* Supporting Files */,
				6F3B19BE29D439BC00C3B7A4 /* Resources */,
				6F3B19BD29D439B500C3B7A4 /* Scenes */,
				6F3B199829D3131F00C3B7A4 /* LaunchScreen.storyboard */,
			);
			path = Movey;
			sourceTree = "<group>";
		};
		6F3B19A329D3131F00C3B7A4 /* MoveyTests */ = {
			isa = PBXGroup;
			children = (
				6F3B19A429D3131F00C3B7A4 /* MoveyTests.swift */,
			);
			path = MoveyTests;
			sourceTree = "<group>";
		};
		6F3B19AD29D3131F00C3B7A4 /* MoveyUITests */ = {
			isa = PBXGroup;
			children = (
				6F3B19AE29D3131F00C3B7A4 /* MoveyUITests.swift */,
				6F3B19B029D3131F00C3B7A4 /* MoveyUITestsLaunchTests.swift */,
			);
			path = MoveyUITests;
			sourceTree = "<group>";
		};
		6F3B19BD29D439B500C3B7A4 /* Scenes */ = {
			isa = PBXGroup;
			children = (
				6F3B19C029D439D800C3B7A4 /* Main */,
			);
			path = Scenes;
			sourceTree = "<group>";
		};
		6F3B19BE29D439BC00C3B7A4 /* Resources */ = {
			isa = PBXGroup;
			children = (
				6F3B199629D3131F00C3B7A4 /* Assets.xcassets */,
			);
			path = Resources;
			sourceTree = "<group>";
		};
		6F3B19BF29D439C500C3B7A4 /* Supporting Files */ = {
			isa = PBXGroup;
			children = (
				6F3B198D29D3131E00C3B7A4 /* AppDelegate.swift */,
				6F3B198F29D3131E00C3B7A4 /* SceneDelegate.swift */,
				6F3B199B29D3131F00C3B7A4 /* Info.plist */,
			);
			path = "Supporting Files";
			sourceTree = "<group>";
		};
		6F3B19C029D439D800C3B7A4 /* Main */ = {
			isa = PBXGroup;
			children = (
				6F3B199329D3131E00C3B7A4 /* Main.storyboard */,
				6F3B199129D3131E00C3B7A4 /* MainViewController.swift */,
			);
			path = Main;
			sourceTree = "<group>";
		};
/* End PBXGroup section */

/* Begin PBXNativeTarget section */
		6F3B198929D3131E00C3B7A4 /* Movey */ = {
			isa = PBXNativeTarget;
			buildConfigurationList = 6F3B19B429D3131F00C3B7A4 /* Build configuration list for PBXNativeTarget "Movey" */;
			buildPhases = (
				6F3B198629D3131E00C3B7A4 /* Sources */,
				6F3B198729D3131E00C3B7A4 /* Frameworks */,
				6F3B198829D3131E00C3B7A4 /* Resources */,
			);
			buildRules = (
			);
			dependencies = (
			);
			name = Movey;
			productName = Movey;
			productReference = 6F3B198A29D3131E00C3B7A4 /* Movey.app */;
			productType = "com.apple.product-type.application";
		};
		6F3B199F29D3131F00C3B7A4 /* MoveyTests */ = {
			isa = PBXNativeTarget;
			buildConfigurationList = 6F3B19B729D3131F00C3B7A4 /* Build configuration list for PBXNativeTarget "MoveyTests" */;
			buildPhases = (
				6F3B199C29D3131F00C3B7A4 /* Sources */,
				6F3B199D29D3131F00C3B7A4 /* Frameworks */,
				6F3B199E29D3131F00C3B7A4 /* Resources */,
			);
			buildRules = (
			);
			dependencies = (
				6F3B19A229D3131F00C3B7A4 /* PBXTargetDependency */,
			);
			name = MoveyTests;
			productName = MoveyTests;
			productReference = 6F3B19A029D3131F00C3B7A4 /* MoveyTests.xctest */;
			productType = "com.apple.product-type.bundle.unit-test";
		};
		6F3B19A929D3131F00C3B7A4 /* MoveyUITests */ = {
			isa = PBXNativeTarget;
			buildConfigurationList = 6F3B19BA29D3131F00C3B7A4 /* Build configuration list for PBXNativeTarget "MoveyUITests" */;
			buildPhases = (
				6F3B19A629D3131F00C3B7A4 /* Sources */,
				6F3B19A729D3131F00C3B7A4 /* Frameworks */,
				6F3B19A829D3131F00C3B7A4 /* Resources */,
			);
			buildRules = (
			);
			dependencies = (
				6F3B19AC29D3131F00C3B7A4 /* PBXTargetDependency */,
			);
			name = MoveyUITests;
			productName = MoveyUITests;
			productReference = 6F3B19AA29D3131F00C3B7A4 /* MoveyUITests.xctest */;
			productType = "com.apple.product-type.bundle.ui-testing";
		};
/* End PBXNativeTarget section */

/* Begin PBXProject section */
		6F3B198229D3131E00C3B7A4 /* Project object */ = {
			isa = PBXProject;
			attributes = {
				BuildIndependentTargetsInParallel = 1;
				LastSwiftUpdateCheck = 1400;
				LastUpgradeCheck = 1400;
				TargetAttributes = {
					6F3B198929D3131E00C3B7A4 = {
						CreatedOnToolsVersion = 14.0.1;
					};
					6F3B199F29D3131F00C3B7A4 = {
						CreatedOnToolsVersion = 14.0.1;
						TestTargetID = 6F3B198929D3131E00C3B7A4;
					};
					6F3B19A929D3131F00C3B7A4 = {
						CreatedOnToolsVersion = 14.0.1;
						TestTargetID = 6F3B198929D3131E00C3B7A4;
					};
				};
			};
			buildConfigurationList = 6F3B198529D3131E00C3B7A4 /* Build configuration list for PBXProject "Movey" */;
			compatibilityVersion = "Xcode 14.0";
			developmentRegion = en;
			hasScannedForEncodings = 0;
			knownRegions = (
				en,
				Base,
			);
			mainGroup = 6F3B198129D3131E00C3B7A4;
			productRefGroup = 6F3B198B29D3131E00C3B7A4 /* Products */;
			projectDirPath = "";
			projectRoot = "";
			targets = (
				6F3B198929D3131E00C3B7A4 /* Movey */,
				6F3B199F29D3131F00C3B7A4 /* MoveyTests */,
				6F3B19A929D3131F00C3B7A4 /* MoveyUITests */,
			);
		};
/* End PBXProject section */

/* Begin PBXResourcesBuildPhase section */
		6F3B198829D3131E00C3B7A4 /* Resources */ = {
			isa = PBXResourcesBuildPhase;
			buildActionMask = 2147483647;
			files = (
				6F3B199A29D3131F00C3B7A4 /* LaunchScreen.storyboard in Resources */,
				6F3B199729D3131F00C3B7A4 /* Assets.xcassets in Resources */,
				6F3B199529D3131E00C3B7A4 /* Main.storyboard in Resources */,
			);
			runOnlyForDeploymentPostprocessing = 0;
		};
		6F3B199E29D3131F00C3B7A4 /* Resources */ = {
			isa = PBXResourcesBuildPhase;
			buildActionMask = 2147483647;
			files = (
			);
			runOnlyForDeploymentPostprocessing = 0;
		};
		6F3B19A829D3131F00C3B7A4 /* Resources */ = {
			isa = PBXResourcesBuildPhase;
			buildActionMask = 2147483647;
			files = (
			);
			runOnlyForDeploymentPostprocessing = 0;
		};
/* End PBXResourcesBuildPhase section */

/* Begin PBXSourcesBuildPhase section */
		6F3B198629D3131E00C3B7A4 /* Sources */ = {
			isa = PBXSourcesBuildPhase;
			buildActionMask = 2147483647;
			files = (
				6F3B199229D3131E00C3B7A4 /* MainViewController.swift in Sources */,
				6F3B198E29D3131E00C3B7A4 /* AppDelegate.swift in Sources */,
				6F3B199029D3131E00C3B7A4 /* SceneDelegate.swift in Sources */,
			);
			runOnlyForDeploymentPostprocessing = 0;
		};
		6F3B199C29D3131F00C3B7A4 /* Sources */ = {
			isa = PBXSourcesBuildPhase;
			buildActionMask = 2147483647;
			files = (
				6F3B19A529D3131F00C3B7A4 /* MoveyTests.swift in Sources */,
			);
			runOnlyForDeploymentPostprocessing = 0;
		};
		6F3B19A629D3131F00C3B7A4 /* Sources */ = {
			isa = PBXSourcesBuildPhase;
			buildActionMask = 2147483647;
			files = (
				6F3B19AF29D3131F00C3B7A4 /* MoveyUITests.swift in Sources */,
				6F3B19B129D3131F00C3B7A4 /* MoveyUITestsLaunchTests.swift in Sources */,
			);
			runOnlyForDeploymentPostprocessing = 0;
		};
/* End PBXSourcesBuildPhase section */

/* Begin PBXTargetDependency section */
		6F3B19A229D3131F00C3B7A4 /* PBXTargetDependency */ = {
			isa = PBXTargetDependency;
			target = 6F3B198929D3131E00C3B7A4 /* Movey */;
			targetProxy = 6F3B19A129D3131F00C3B7A4 /* PBXContainerItemProxy */;
		};
		6F3B19AC29D3131F00C3B7A4 /* PBXTargetDependency */ = {
			isa = PBXTargetDependency;
			target = 6F3B198929D3131E00C3B7A4 /* Movey */;
			targetProxy = 6F3B19AB29D3131F00C3B7A4 /* PBXContainerItemProxy */;
		};
/* End PBXTargetDependency section */

/* Begin PBXVariantGroup section */
		6F3B199329D3131E00C3B7A4 /* Main.storyboard */ = {
			isa = PBXVariantGroup;
			children = (
				6F3B199429D3131E00C3B7A4 /* Base */,
			);
			name = Main.storyboard;
			sourceTree = "<group>";
		};
		6F3B199829D3131F00C3B7A4 /* LaunchScreen.storyboard */ = {
			isa = PBXVariantGroup;
			children = (
				6F3B199929D3131F00C3B7A4 /* Base */,
			);
			name = LaunchScreen.storyboard;
			sourceTree = "<group>";
		};
/* End PBXVariantGroup section */

/* Begin XCBuildConfiguration section */
		6F3B19B229D3131F00C3B7A4 /* Debug */ = {
			isa = XCBuildConfiguration;
			buildSettings = {
				ALWAYS_SEARCH_USER_PATHS = NO;
				CLANG_ANALYZER_NONNULL = YES;
				CLANG_ANALYZER_NUMBER_OBJECT_CONVERSION = YES_AGGRESSIVE;
				CLANG_CXX_LANGUAGE_STANDARD = "gnu++20";
				CLANG_ENABLE_MODULES = YES;
				CLANG_ENABLE_OBJC_ARC = YES;
				CLANG_ENABLE_OBJC_WEAK = YES;
				CLANG_WARN_BLOCK_CAPTURE_AUTORELEASING = YES;
				CLANG_WARN_BOOL_CONVERSION = YES;
				CLANG_WARN_COMMA = YES;
				CLANG_WARN_CONSTANT_CONVERSION = YES;
				CLANG_WARN_DEPRECATED_OBJC_IMPLEMENTATIONS = YES;
				CLANG_WARN_DIRECT_OBJC_ISA_USAGE = YES_ERROR;
				CLANG_WARN_DOCUMENTATION_COMMENTS = YES;
				CLANG_WARN_EMPTY_BODY = YES;
				CLANG_WARN_ENUM_CONVERSION = YES;
				CLANG_WARN_INFINITE_RECURSION = YES;
				CLANG_WARN_INT_CONVERSION = YES;
				CLANG_WARN_NON_LITERAL_NULL_CONVERSION = YES;
				CLANG_WARN_OBJC_IMPLICIT_RETAIN_SELF = YES;
				CLANG_WARN_OBJC_LITERAL_CONVERSION = YES;
				CLANG_WARN_OBJC_ROOT_CLASS = YES_ERROR;
				CLANG_WARN_QUOTED_INCLUDE_IN_FRAMEWORK_HEADER = YES;
				CLANG_WARN_RANGE_LOOP_ANALYSIS = YES;
				CLANG_WARN_STRICT_PROTOTYPES = YES;
				CLANG_WARN_SUSPICIOUS_MOVE = YES;
				CLANG_WARN_UNGUARDED_AVAILABILITY = YES_AGGRESSIVE;
				CLANG_WARN_UNREACHABLE_CODE = YES;
				CLANG_WARN__DUPLICATE_METHOD_MATCH = YES;
				COPY_PHASE_STRIP = NO;
				DEBUG_INFORMATION_FORMAT = dwarf;
				ENABLE_STRICT_OBJC_MSGSEND = YES;
				ENABLE_TESTABILITY = YES;
				GCC_C_LANGUAGE_STANDARD = gnu11;
				GCC_DYNAMIC_NO_PIC = NO;
				GCC_NO_COMMON_BLOCKS = YES;
				GCC_OPTIMIZATION_LEVEL = 0;
				GCC_PREPROCESSOR_DEFINITIONS = (
					"DEBUG=1",
					"$(inherited)",
				);
				GCC_WARN_64_TO_32_BIT_CONVERSION = YES;
				GCC_WARN_ABOUT_RETURN_TYPE = YES_ERROR;
				GCC_WARN_UNDECLARED_SELECTOR = YES;
				GCC_WARN_UNINITIALIZED_AUTOS = YES_AGGRESSIVE;
				GCC_WARN_UNUSED_FUNCTION = YES;
				GCC_WARN_UNUSED_VARIABLE = YES;
				IPHONEOS_DEPLOYMENT_TARGET = 16.0;
				MTL_ENABLE_DEBUG_INFO = INCLUDE_SOURCE;
				MTL_FAST_MATH = YES;
				ONLY_ACTIVE_ARCH = YES;
				SDKROOT = iphoneos;
				SWIFT_ACTIVE_COMPILATION_CONDITIONS = DEBUG;
				SWIFT_OPTIMIZATION_LEVEL = "-Onone";
			};
			name = Debug;
		};
		6F3B19B329D3131F00C3B7A4 /* Release */ = {
			isa = XCBuildConfiguration;
			buildSettings = {
				ALWAYS_SEARCH_USER_PATHS = NO;
				CLANG_ANALYZER_NONNULL = YES;
				CLANG_ANALYZER_NUMBER_OBJECT_CONVERSION = YES_AGGRESSIVE;
				CLANG_CXX_LANGUAGE_STANDARD = "gnu++20";
				CLANG_ENABLE_MODULES = YES;
				CLANG_ENABLE_OBJC_ARC = YES;
				CLANG_ENABLE_OBJC_WEAK = YES;
				CLANG_WARN_BLOCK_CAPTURE_AUTORELEASING = YES;
				CLANG_WARN_BOOL_CONVERSION = YES;
				CLANG_WARN_COMMA = YES;
				CLANG_WARN_CONSTANT_CONVERSION = YES;
				CLANG_WARN_DEPRECATED_OBJC_IMPLEMENTATIONS = YES;
				CLANG_WARN_DIRECT_OBJC_ISA_USAGE = YES_ERROR;
				CLANG_WARN_DOCUMENTATION_COMMENTS = YES;
				CLANG_WARN_EMPTY_BODY = YES;
				CLANG_WARN_ENUM_CONVERSION = YES;
				CLANG_WARN_INFINITE_RECURSION = YES;
				CLANG_WARN_INT_CONVERSION = YES;
				CLANG_WARN_NON_LITERAL_NULL_CONVERSION = YES;
				CLANG_WARN_OBJC_IMPLICIT_RETAIN_SELF = YES;
				CLANG_WARN_OBJC_LITERAL_CONVERSION = YES;
				CLANG_WARN_OBJC_ROOT_CLASS = YES_ERROR;
				CLANG_WARN_QUOTED_INCLUDE_IN_FRAMEWORK_HEADER = YES;
				CLANG_WARN_RANGE_LOOP_ANALYSIS = YES;
				CLANG_WARN_STRICT_PROTOTYPES = YES;
				CLANG_WARN_SUSPICIOUS_MOVE = YES;
				CLANG_WARN_UNGUARDED_AVAILABILITY = YES_AGGRESSIVE;
				CLANG_WARN_UNREACHABLE_CODE = YES;
				CLANG_WARN__DUPLICATE_METHOD_MATCH = YES;
				COPY_PHASE_STRIP = NO;
				DEBUG_INFORMATION_FORMAT = "dwarf-with-dsym";
				ENABLE_NS_ASSERTIONS = NO;
				ENABLE_STRICT_OBJC_MSGSEND = YES;
				GCC_C_LANGUAGE_STANDARD = gnu11;
				GCC_NO_COMMON_BLOCKS = YES;
				GCC_WARN_64_TO_32_BIT_CONVERSION = YES;
				GCC_WARN_ABOUT_RETURN_TYPE = YES_ERROR;
				GCC_WARN_UNDECLARED_SELECTOR = YES;
				GCC_WARN_UNINITIALIZED_AUTOS = YES_AGGRESSIVE;
				GCC_WARN_UNUSED_FUNCTION = YES;
				GCC_WARN_UNUSED_VARIABLE = YES;
				IPHONEOS_DEPLOYMENT_TARGET = 16.0;
				MTL_ENABLE_DEBUG_INFO = NO;
				MTL_FAST_MATH = YES;
				SDKROOT = iphoneos;
				SWIFT_COMPILATION_MODE = wholemodule;
				SWIFT_OPTIMIZATION_LEVEL = "-O";
				VALIDATE_PRODUCT = YES;
			};
			name = Release;
		};
		6F3B19B529D3131F00C3B7A4 /* Debug */ = {
			isa = XCBuildConfiguration;
			buildSettings = {
				ASSETCATALOG_COMPILER_APPICON_NAME = AppIcon;
				ASSETCATALOG_COMPILER_GLOBAL_ACCENT_COLOR_NAME = AccentColor;
				CODE_SIGN_STYLE = Automatic;
				CURRENT_PROJECT_VERSION = 1;
				DEVELOPMENT_TEAM = 376MZMYFVZ;
				GENERATE_INFOPLIST_FILE = YES;
				INFOPLIST_FILE = Movey/Info.plist;
				INFOPLIST_KEY_UIApplicationSupportsIndirectInputEvents = YES;
				INFOPLIST_KEY_UILaunchStoryboardName = LaunchScreen;
				INFOPLIST_KEY_UIMainStoryboardFile = Main;
				INFOPLIST_KEY_UISupportedInterfaceOrientations_iPad = "UIInterfaceOrientationPortrait UIInterfaceOrientationPortraitUpsideDown UIInterfaceOrientationLandscapeLeft UIInterfaceOrientationLandscapeRight";
				INFOPLIST_KEY_UISupportedInterfaceOrientations_iPhone = "UIInterfaceOrientationPortrait UIInterfaceOrientationLandscapeLeft UIInterfaceOrientationLandscapeRight";
				LD_RUNPATH_SEARCH_PATHS = (
					"$(inherited)",
					"@executable_path/Frameworks",
				);
				MARKETING_VERSION = 1.0;
				PRODUCT_BUNDLE_IDENTIFIER = com.jaimejazarenoiii.Movey;
				PRODUCT_NAME = "$(TARGET_NAME)";
				SWIFT_EMIT_LOC_STRINGS = YES;
				SWIFT_VERSION = 5.0;
				TARGETED_DEVICE_FAMILY = "1,2";
			};
			name = Debug;
		};
		6F3B19B629D3131F00C3B7A4 /* Release */ = {
			isa = XCBuildConfiguration;
			buildSettings = {
				ASSETCATALOG_COMPILER_APPICON_NAME = AppIcon;
				ASSETCATALOG_COMPILER_GLOBAL_ACCENT_COLOR_NAME = AccentColor;
				CODE_SIGN_STYLE = Automatic;
				CURRENT_PROJECT_VERSION = 1;
				DEVELOPMENT_TEAM = 376MZMYFVZ;
				GENERATE_INFOPLIST_FILE = YES;
				INFOPLIST_FILE = Movey/Info.plist;
				INFOPLIST_KEY_UIApplicationSupportsIndirectInputEvents = YES;
				INFOPLIST_KEY_UILaunchStoryboardName = LaunchScreen;
				INFOPLIST_KEY_UIMainStoryboardFile = Main;
				INFOPLIST_KEY_UISupportedInterfaceOrientations_iPad = "UIInterfaceOrientationPortrait UIInterfaceOrientationPortraitUpsideDown UIInterfaceOrientationLandscapeLeft UIInterfaceOrientationLandscapeRight";
				INFOPLIST_KEY_UISupportedInterfaceOrientations_iPhone = "UIInterfaceOrientationPortrait UIInterfaceOrientationLandscapeLeft UIInterfaceOrientationLandscapeRight";
				LD_RUNPATH_SEARCH_PATHS = (
					"$(inherited)",
					"@executable_path/Frameworks",
				);
				MARKETING_VERSION = 1.0;
				PRODUCT_BUNDLE_IDENTIFIER = com.jaimejazarenoiii.Movey;
				PRODUCT_NAME = "$(TARGET_NAME)";
				SWIFT_EMIT_LOC_STRINGS = YES;
				SWIFT_VERSION = 5.0;
				TARGETED_DEVICE_FAMILY = "1,2";
			};
			name = Release;
		};
		6F3B19B829D3131F00C3B7A4 /* Debug */ = {
			isa = XCBuildConfiguration;
			buildSettings = {
				ALWAYS_EMBED_SWIFT_STANDARD_LIBRARIES = YES;
				BUNDLE_LOADER = "$(TEST_HOST)";
				CODE_SIGN_STYLE = Automatic;
				CURRENT_PROJECT_VERSION = 1;
				DEVELOPMENT_TEAM = 376MZMYFVZ;
				GENERATE_INFOPLIST_FILE = YES;
				IPHONEOS_DEPLOYMENT_TARGET = 16.0;
				MARKETING_VERSION = 1.0;
				PRODUCT_BUNDLE_IDENTIFIER = com.jaimejazarenoiii.MoveyTests;
				PRODUCT_NAME = "$(TARGET_NAME)";
				SWIFT_EMIT_LOC_STRINGS = NO;
				SWIFT_VERSION = 5.0;
				TARGETED_DEVICE_FAMILY = "1,2";
				TEST_HOST = "$(BUILT_PRODUCTS_DIR)/Movey.app/$(BUNDLE_EXECUTABLE_FOLDER_PATH)/Movey";
			};
			name = Debug;
		};
		6F3B19B929D3131F00C3B7A4 /* Release */ = {
			isa = XCBuildConfiguration;
			buildSettings = {
				ALWAYS_EMBED_SWIFT_STANDARD_LIBRARIES = YES;
				BUNDLE_LOADER = "$(TEST_HOST)";
				CODE_SIGN_STYLE = Automatic;
				CURRENT_PROJECT_VERSION = 1;
				DEVELOPMENT_TEAM = 376MZMYFVZ;
				GENERATE_INFOPLIST_FILE = YES;
				IPHONEOS_DEPLOYMENT_TARGET = 16.0;
				MARKETING_VERSION = 1.0;
				PRODUCT_BUNDLE_IDENTIFIER = com.jaimejazarenoiii.MoveyTests;
				PRODUCT_NAME = "$(TARGET_NAME)";
				SWIFT_EMIT_LOC_STRINGS = NO;
				SWIFT_VERSION = 5.0;
				TARGETED_DEVICE_FAMILY = "1,2";
				TEST_HOST = "$(BUILT_PRODUCTS_DIR)/Movey.app/$(BUNDLE_EXECUTABLE_FOLDER_PATH)/Movey";
			};
			name = Release;
		};
		6F3B19BB29D3131F00C3B7A4 /* Debug */ = {
			isa = XCBuildConfiguration;
			buildSettings = {
				ALWAYS_EMBED_SWIFT_STANDARD_LIBRARIES = YES;
				CODE_SIGN_STYLE = Automatic;
				CURRENT_PROJECT_VERSION = 1;
				DEVELOPMENT_TEAM = 376MZMYFVZ;
				GENERATE_INFOPLIST_FILE = YES;
				MARKETING_VERSION = 1.0;
				PRODUCT_BUNDLE_IDENTIFIER = com.jaimejazarenoiii.MoveyUITests;
				PRODUCT_NAME = "$(TARGET_NAME)";
				SWIFT_EMIT_LOC_STRINGS = NO;
				SWIFT_VERSION = 5.0;
				TARGETED_DEVICE_FAMILY = "1,2";
				TEST_TARGET_NAME = Movey;
			};
			name = Debug;
		};
		6F3B19BC29D3131F00C3B7A4 /* Release */ = {
			isa = XCBuildConfiguration;
			buildSettings = {
				ALWAYS_EMBED_SWIFT_STANDARD_LIBRARIES = YES;
				CODE_SIGN_STYLE = Automatic;
				CURRENT_PROJECT_VERSION = 1;
				DEVELOPMENT_TEAM = 376MZMYFVZ;
				GENERATE_INFOPLIST_FILE = YES;
				MARKETING_VERSION = 1.0;
				PRODUCT_BUNDLE_IDENTIFIER = com.jaimejazarenoiii.MoveyUITests;
				PRODUCT_NAME = "$(TARGET_NAME)";
				SWIFT_EMIT_LOC_STRINGS = NO;
				SWIFT_VERSION = 5.0;
				TARGETED_DEVICE_FAMILY = "1,2";
				TEST_TARGET_NAME = Movey;
			};
			name = Release;
		};
/* End XCBuildConfiguration section */

/* Begin XCConfigurationList section */
		6F3B198529D3131E00C3B7A4 /* Build configuration list for PBXProject "Movey" */ = {
			isa = XCConfigurationList;
			buildConfigurations = (
				6F3B19B229D3131F00C3B7A4 /* Debug */,
				6F3B19B329D3131F00C3B7A4 /* Release */,
			);
			defaultConfigurationIsVisible = 0;
			defaultConfigurationName = Release;
		};
		6F3B19B429D3131F00C3B7A4 /* Build configuration list for PBXNativeTarget "Movey" */ = {
			isa = XCConfigurationList;
			buildConfigurations = (
				6F3B19B529D3131F00C3B7A4 /* Debug */,
				6F3B19B629D3131F00C3B7A4 /* Release */,
			);
			defaultConfigurationIsVisible = 0;
			defaultConfigurationName = Release;
		};
		6F3B19B729D3131F00C3B7A4 /* Build configuration list for PBXNativeTarget "MoveyTests" */ = {
			isa = XCConfigurationList;
			buildConfigurations = (
				6F3B19B829D3131F00C3B7A4 /* Debug */,
				6F3B19B929D3131F00C3B7A4 /* Release */,
			);
			defaultConfigurationIsVisible = 0;
			defaultConfigurationName = Release;
		};
		6F3B19BA29D3131F00C3B7A4 /* Build configuration list for PBXNativeTarget "MoveyUITests" */ = {
			isa = XCConfigurationList;
			buildConfigurations = (
				6F3B19BB29D3131F00C3B7A4 /* Debug */,
				6F3B19BC29D3131F00C3B7A4 /* Release */,
			);
			defaultConfigurationIsVisible = 0;
			defaultConfigurationName = Release;
		};
/* End XCConfigurationList section */
	};
	rootObject = 6F3B198229D3131E00C3B7A4 /* Project object */;
}
